
Microsoft Visual Studio Solution File, Format Version 12.00
# Visual Studio Version 17
VisualStudioVersion = 17.4.33103.184
MinimumVisualStudioVersion = 10.0.40219.1
Project("{F184B08F-C81C-45F6-A57F-5ABD9991F28F}") = "Tombolona", "Tombolona\Tombolona.vbproj", "{633E8C61-E043-4584-A7D5-7ADB842F4206}"
EndProject
Global
	GlobalSection(SolutionConfigurationPlatforms) = preSolution
		Debug|Any CPU = Debug|Any CPU
		Release|Any CPU = Release|Any CPU
	EndGlobalSection
	GlobalSection(ProjectConfigurationPlatforms) = postSolution
		{633E8C61-E043-4584-A7D5-7ADB842F4206}.Debug|Any CPU.ActiveCfg = Debug|Any CPU
		{633E8C61-E043-4584-A7D5-7ADB842F4206}.Debug|Any CPU.Build.0 = Debug|Any CPU
		{633E8C61-E043-4584-A7D5-7ADB842F4206}.Release|Any CPU.ActiveCfg = Release|Any CPU
		{633E8C61-E043-4584-A7D5-7ADB842F4206}.Release|Any CPU.Build.0 = Release|Any CPU
	EndGlobalSection
	GlobalSection(SolutionProperties) = preSolution
		HideSolutionNode = FALSE
	EndGlobalSection
	GlobalSection(ExtensibilityGlobals) = postSolution
		SolutionGuid = {8D3F288D-4DA8-4C5B-BD22-6203C1D6407A}
	EndGlobalSection
EndGlobal
